<?xml version="1.0" encoding="utf-8"?>
<Project ToolsVersion="4.0" xmlns="http://schemas.microsoft.com/developer/msbuild/2003">
  <ItemGroup>
    <Filter Include="Source Files">
      <UniqueIdentifier>{4FC737F1-C7A5-4376-A066-2A32D752A2FF}</UniqueIdentifier>
      <Extensions>cpp;c;cc;cxx;c++;def;odl;idl;hpj;bat;asm;asmx</Extensions>
    </Filter>
    <Filter Include="Header Files">
      <UniqueIdentifier>{93995380-89BD-4b04-88EB-625FBE52EBFB}</UniqueIdentifier>
      <Extensions>h;hh;hpp;hxx;h++;hm;inl;inc;ipp;xsd</Extensions>
    </Filter>
    <Filter Include="Resource Files">
      <UniqueIdentifier>{67DA6AB6-F800-4c08-8B7A-83BB121AAD01}</UniqueIdentifier>
      <Extensions>rc;ico;cur;bmp;dlg;rc2;rct;bin;rgs;gif;jpg;jpeg;jpe;resx;tiff;tif;png;wav;mfcribbon-ms</Extensions>
    </Filter>
    <Filter Include="Source Files\sqlx">
      <UniqueIdentifier>{bb4c6a65-707c-4276-bf0b-652a72db4a2e}</UniqueIdentifier>
    </Filter>
    <Filter Include="Source Files\sqlx\preParser">
      <UniqueIdentifier>{798cc214-a604-4b4c-86e2-8af753da8b48}</UniqueIdentifier>
    </Filter>
    <Filter Include="Source Files\sqlx\preParser\lemon">
      <UniqueIdentifier>{46fec3dd-2d6e-4f54-83c0-e8809d32d364}</UniqueIdentifier>
    </Filter>
    <Filter Include="Source Files\sqlx\preParser\lexer">
      <UniqueIdentifier>{84c9a184-5330-4f75-ba4e-ce932b9a1849}</UniqueIdentifier>
    </Filter>
    <Filter Include="Source Files\frmx">
      <UniqueIdentifier>{3e858ae9-8850-4c36-a3f5-ebcce04e750a}</UniqueIdentifier>
    </Filter>
    <Filter Include="Source Files\frmx\htmlParser">
      <UniqueIdentifier>{c98e4817-f437-4610-883e-bb1ded8fee06}</UniqueIdentifier>
    </Filter>
    <Filter Include="Source Files\frmx\htmlParser\lemon">
      <UniqueIdentifier>{2853b6f9-13c3-4fb0-80a4-99dac95f68db}</UniqueIdentifier>
    </Filter>
    <Filter Include="Source Files\frmx\htmlParser\lexer">
      <UniqueIdentifier>{ce0df7e0-0152-41fe-abb9-9579d5d484d8}</UniqueIdentifier>
    </Filter>
    <Filter Include="Source Files\Compiler">
      <UniqueIdentifier>{145def49-86ea-4d88-b907-7e73c3443990}</UniqueIdentifier>
    </Filter>
    <Filter Include="Source Files\Ast">
      <UniqueIdentifier>{fdf1bd83-4389-4f46-a1c7-c2e12a2fa718}</UniqueIdentifier>
    </Filter>
  </ItemGroup>
  <ItemGroup>
    <ClCompile Include="main.cpp">
      <Filter>Source Files</Filter>
    </ClCompile>
    <ClCompile Include="SodiumCompiler.cpp">
      <Filter>Source Files\Compiler</Filter>
    </ClCompile>
    <ClCompile Include="pch.cpp">
      <Filter>Source Files</Filter>
    </ClCompile>
    <ClCompile Include="lexer.pre.cpp">
      <Filter>Source Files\sqlx\preParser\lexer</Filter>
    </ClCompile>
    <ClCompile Include="lexer.html.cpp">
      <Filter>Source Files\frmx\htmlParser\lexer</Filter>
    </ClCompile>
    <ClCompile Include="lemon.html.cpp">
      <Filter>Source Files\frmx\htmlParser\lemon</Filter>
    </ClCompile>
    <ClCompile Include="lemon.pre.cpp">
      <Filter>Source Files\sqlx\preParser\lemon</Filter>
    </ClCompile>
    <ClCompile Include="CompileUnitBase.cpp">
      <Filter>Source Files\Compiler</Filter>
    </ClCompile>
    <ClCompile Include="CompileUnitFrmx.cpp">
      <Filter>Source Files\Compiler</Filter>
    </ClCompile>
    <ClCompile Include="CompileUnitSqlx.cpp">
      <Filter>Source Files\Compiler</Filter>
    </ClCompile>
    <ClCompile Include="pre.parser.imp.cpp">
      <Filter>Source Files\sqlx\preParser</Filter>
    </ClCompile>
    <ClCompile Include="html.parser.imp.cpp">
      <Filter>Source Files\frmx\htmlParser</Filter>
    </ClCompile>
    <ClCompile Include="ASTNode.cpp">
      <Filter>Source Files\Ast</Filter>
    </ClCompile>
    <ClCompile Include="ASTNode_Statement.cpp">
      <Filter>Source Files\Ast</Filter>
    </ClCompile>
    <ClCompile Include="ASTNode_Statement_If.cpp">
      <Filter>Source Files\Ast</Filter>
    </ClCompile>
    <ClCompile Include="ASTNode_Statement_While.cpp">
      <Filter>Source Files\Ast</Filter>
    </ClCompile>
    <ClCompile Include="ASTNode_Statement_Condition.cpp">
      <Filter>Source Files\Ast</Filter>
    </ClCompile>
    <ClCompile Include="ASTNode_Statement_Assigment.cpp">
      <Filter>Source Files\Ast</Filter>
    </ClCompile>
    <ClCompile Include="ASTNode_Code_Block.cpp">
      <Filter>Source Files\Ast</Filter>
    </ClCompile>
    <ClCompile Include="ASTNode_Statement_Variable_Declaration.cpp">
      <Filter>Source Files\Ast</Filter>
    </ClCompile>
    <ClCompile Include="ASTNode_Identifier.cpp">
      <Filter>Source Files\Ast</Filter>
    </ClCompile>
    <ClCompile Include="ASTNode_Data_Type.cpp">
      <Filter>Source Files\Ast</Filter>
    </ClCompile>
    <ClCompile Include="ASTNode_Literal.cpp">
      <Filter>Source Files\Ast</Filter>
    </ClCompile>
    <ClCompile Include="ASTNode_Statement_Call.cpp">
      <Filter>Source Files\Ast</Filter>
    </ClCompile>
    <ClCompile Include="Token.cpp">
      <Filter>Source Files</Filter>
    </ClCompile>
    <ClCompile Include="ASTNode_Statement_Function_Declaration.cpp">
      <Filter>Source Files\Ast</Filter>
    </ClCompile>
  </ItemGroup>
  <ItemGroup>
    <None Include="lemon.pre.yy">
      <Filter>Source Files\sqlx\preParser\lemon</Filter>
    </None>
    <None Include="lemon.pre.out">
      <Filter>Source Files\sqlx\preParser\lemon</Filter>
    </None>
    <None Include="lexer.pre.ll">
      <Filter>Source Files\sqlx\preParser\lexer</Filter>
    </None>
    <None Include="lemon.html.yy">
      <Filter>Source Files\frmx\htmlParser\lemon</Filter>
    </None>
    <None Include="lexer.html.ll">
      <Filter>Source Files\frmx\htmlParser\lexer</Filter>
    </None>
    <None Include="lemon.html.out">
      <Filter>Source Files\frmx\htmlParser\lemon</Filter>
    </None>
  </ItemGroup>
  <ItemGroup>
    <ClInclude Include="lemon.pre.h">
      <Filter>Source Files\sqlx\preParser\lemon</Filter>
    </ClInclude>
    <ClInclude Include="pch.h">
      <Filter>Header Files</Filter>
    </ClInclude>
    <ClInclude Include="resource.h">
      <Filter>Header Files</Filter>
    </ClInclude>
    <ClInclude Include="lemon.html.h">
      <Filter>Source Files\frmx\htmlParser\lemon</Filter>
    </ClInclude>
    <ClInclude Include="html.parser.imp.h">
      <Filter>Source Files\frmx\htmlParser</Filter>
    </ClInclude>
    <ClInclude Include="pre.parser.imp.hpp">
      <Filter>Source Files\sqlx\preParser</Filter>
    </ClInclude>
    <ClInclude Include="ASTNode.hpp">
      <Filter>Source Files\Ast</Filter>
    </ClInclude>
    <ClInclude Include="ASTNode_Statement.hpp">
      <Filter>Source Files\Ast</Filter>
    </ClInclude>
    <ClInclude Include="ASTNode_Statement_If.hpp">
      <Filter>Source Files\Ast</Filter>
    </ClInclude>
    <ClInclude Include="ASTNode_Statement_While.hpp">
      <Filter>Source Files\Ast</Filter>
    </ClInclude>
    <ClInclude Include="ASTNode_Statement_Condition.hpp">
      <Filter>Source Files\Ast</Filter>
    </ClInclude>
    <ClInclude Include="ASTNode_Statement_Assigment.hpp">
      <Filter>Source Files\Ast</Filter>
    </ClInclude>
    <ClInclude Include="ASTNode_Code_Block.hpp">
      <Filter>Source Files\Ast</Filter>
    </ClInclude>
    <ClInclude Include="ASTNode_Statement_Variable_Declaration.hpp">
      <Filter>Source Files\Ast</Filter>
    </ClInclude>
    <ClInclude Include="SodiumCompiler.hpp">
      <Filter>Source Files\Compiler</Filter>
    </ClInclude>
    <ClInclude Include="CompileUnitBase.hpp">
      <Filter>Source Files\Compiler</Filter>
    </ClInclude>
    <ClInclude Include="CompileUnitFrmx.hpp">
      <Filter>Source Files\Compiler</Filter>
    </ClInclude>
    <ClInclude Include="CompileUnitSqlx.hpp">
      <Filter>Source Files\Compiler</Filter>
    </ClInclude>
    <ClInclude Include="ASTNode_Identifier.hpp">
      <Filter>Source Files\Ast</Filter>
    </ClInclude>
    <ClInclude Include="ASTNode_Data_Type.hpp">
      <Filter>Source Files\Ast</Filter>
    </ClInclude>
    <ClInclude Include="ASTNode_Literal.hpp">
      <Filter>Source Files\Ast</Filter>
    </ClInclude>
    <ClInclude Include="ASTNode_Statement_Call.hpp">
      <Filter>Source Files\Ast</Filter>
    </ClInclude>
    <ClInclude Include="Token.hpp">
      <Filter>Header Files</Filter>
    </ClInclude>
    <ClInclude Include="ASTNode_Statement_Function_Declaration.hpp">
      <Filter>Source Files\Ast</Filter>
    </ClInclude>
  </ItemGroup>
  <ItemGroup>
    <ResourceCompile Include="SodiumCompiler.rc">
      <Filter>Resource Files</Filter>
    </ResourceCompile>
  </ItemGroup>
  <ItemGroup>
    <Image Include="icon1.ico">
      <Filter>Resource Files</Filter>
    </Image>
    <Image Include="favicon.ico">
      <Filter>Resource Files</Filter>
    </Image>
  </ItemGroup>
</Project>